
Microsoft Visual Studio Solution File, Format Version 12.00
# Visual Studio Version 17
VisualStudioVersion = 17.6.33829.357
MinimumVisualStudioVersion = 10.0.40219.1
Project("{FAE04EC0-301F-11D3-BF4B-00C04F79EFBC}") = "ContactsBook", "ContactsBook\ContactsBook.csproj", "{C7E8F7BD-D770-4F1C-990B-1F576A46C14E}"
EndProject
Global
	GlobalSection(SolutionConfigurationPlatforms) = preSolution
		Debug|Any CPU = Debug|Any CPU
		Release|Any CPU = Release|Any CPU
	EndGlobalSection
	GlobalSection(ProjectConfigurationPlatforms) = postSolution
		{C7E8F7BD-D770-4F1C-990B-1F576A46C14E}.Debug|Any CPU.ActiveCfg = Debug|Any CPU
		{C7E8F7BD-D770-4F1C-990B-1F576A46C14E}.Debug|Any CPU.Build.0 = Debug|Any CPU
		{C7E8F7BD-D770-4F1C-990B-1F576A46C14E}.Release|Any CPU.ActiveCfg = Release|Any CPU
		{C7E8F7BD-D770-4F1C-990B-1F576A46C14E}.Release|Any CPU.Build.0 = Release|Any CPU
	EndGlobalSection
	GlobalSection(SolutionProperties) = preSolution
		HideSolutionNode = FALSE
	EndGlobalSection
	GlobalSection(ExtensibilityGlobals) = postSolution
		SolutionGuid = {62F6C0C0-613C-4999-BE61-708CC3522CC8}
	EndGlobalSection
EndGlobal
